// !$*UTF8*$!
{
	archiveVersion = 1;
	classes = {
	};
	objectVersion = 46;
	objects = {

/* Begin PBXBuildFile section */
		97592D691BEC6EBF00082D0A /* AppDelegate.swift in Sources */ = {isa = PBXBuildFile; fileRef = 97592D681BEC6EBF00082D0A /* AppDelegate.swift */; };
		97592D6B1BEC6EBF00082D0A /* ViewController.swift in Sources */ = {isa = PBXBuildFile; fileRef = 97592D6A1BEC6EBF00082D0A /* ViewController.swift */; };
		97592D6E1BEC6EBF00082D0A /* Main.storyboard in Resources */ = {isa = PBXBuildFile; fileRef = 97592D6C1BEC6EBF00082D0A /* Main.storyboard */; };
		97592D711BEC6EBF00082D0A /* BasicBitch.xcdatamodeld in Sources */ = {isa = PBXBuildFile; fileRef = 97592D6F1BEC6EBF00082D0A /* BasicBitch.xcdatamodeld */; };
		97592D731BEC6EBF00082D0A /* Assets.xcassets in Resources */ = {isa = PBXBuildFile; fileRef = 97592D721BEC6EBF00082D0A /* Assets.xcassets */; };
		97592D761BEC6EBF00082D0A /* LaunchScreen.storyboard in Resources */ = {isa = PBXBuildFile; fileRef = 97592D741BEC6EBF00082D0A /* LaunchScreen.storyboard */; };
		97592D811BEC6EBF00082D0A /* BasicBitchTests.swift in Sources */ = {isa = PBXBuildFile; fileRef = 97592D801BEC6EBF00082D0A /* BasicBitchTests.swift */; };
		97592D8C1BEC6EBF00082D0A /* BasicBitchUITests.swift in Sources */ = {isa = PBXBuildFile; fileRef = 97592D8B1BEC6EBF00082D0A /* BasicBitchUITests.swift */; };
/* End PBXBuildFile section */

/* Begin PBXContainerItemProxy section */
		97592D7D1BEC6EBF00082D0A /* PBXContainerItemProxy */ = {
			isa = PBXContainerItemProxy;
			containerPortal = 97592D5D1BEC6EBF00082D0A /* Project object */;
			proxyType = 1;
			remoteGlobalIDString = 97592D641BEC6EBF00082D0A;
			remoteInfo = BasicBitch;
		};
		97592D881BEC6EBF00082D0A /* PBXContainerItemProxy */ = {
			isa = PBXContainerItemProxy;
			containerPortal = 97592D5D1BEC6EBF00082D0A /* Project object */;
			proxyType = 1;
			remoteGlobalIDString = 97592D641BEC6EBF00082D0A;
			remoteInfo = BasicBitch;
		};
/* End PBXContainerItemProxy section */

/* Begin PBXFileReference section */
		97592D651BEC6EBF00082D0A /* BasicBitch.app */ = {isa = PBXFileReference; explicitFileType = wrapper.application; includeInIndex = 0; path = BasicBitch.app; sourceTree = BUILT_PRODUCTS_DIR; };
		97592D681BEC6EBF00082D0A /* AppDelegate.swift */ = {isa = PBXFileReference; lastKnownFileType = sourcecode.swift; path = AppDelegate.swift; sourceTree = "<group>"; };
		97592D6A1BEC6EBF00082D0A /* ViewController.swift */ = {isa = PBXFileReference; lastKnownFileType = sourcecode.swift; path = ViewController.swift; sourceTree = "<group>"; };
		97592D6D1BEC6EBF00082D0A /* Base */ = {isa = PBXFileReference; lastKnownFileType = file.storyboard; name = Base; path = Base.lproj/Main.storyboard; sourceTree = "<group>"; };
		97592D701BEC6EBF00082D0A /* BasicBitch.xcdatamodel */ = {isa = PBXFileReference; lastKnownFileType = wrapper.xcdatamodel; path = BasicBitch.xcdatamodel; sourceTree = "<group>"; };
		97592D721BEC6EBF00082D0A /* Assets.xcassets */ = {isa = PBXFileReference; lastKnownFileType = folder.assetcatalog; path = Assets.xcassets; sourceTree = "<group>"; };
		97592D751BEC6EBF00082D0A /* Base */ = {isa = PBXFileReference; lastKnownFileType = file.storyboard; name = Base; path = Base.lproj/LaunchScreen.storyboard; sourceTree = "<group>"; };
		97592D771BEC6EBF00082D0A /* Info.plist */ = {isa = PBXFileReference; lastKnownFileType = text.plist.xml; path = Info.plist; sourceTree = "<group>"; };
		97592D7C1BEC6EBF00082D0A /* BasicBitchTests.xctest */ = {isa = PBXFileReference; explicitFileType = wrapper.cfbundle; includeInIndex = 0; path = BasicBitchTests.xctest; sourceTree = BUILT_PRODUCTS_DIR; };
		97592D801BEC6EBF00082D0A /* BasicBitchTests.swift */ = {isa = PBXFileReference; lastKnownFileType = sourcecode.swift; path = BasicBitchTests.swift; sourceTree = "<group>"; };
		97592D821BEC6EBF00082D0A /* Info.plist */ = {isa = PBXFileReference; lastKnownFileType = text.plist.xml; path = Info.plist; sourceTree = "<group>"; };
		97592D871BEC6EBF00082D0A /* BasicBitchUITests.xctest */ = {isa = PBXFileReference; explicitFileType = wrapper.cfbundle; includeInIndex = 0; path = BasicBitchUITests.xctest; sourceTree = BUILT_PRODUCTS_DIR; };
		97592D8B1BEC6EBF00082D0A /* BasicBitchUITests.swift */ = {isa = PBXFileReference; lastKnownFileType = sourcecode.swift; path = BasicBitchUITests.swift; sourceTree = "<group>"; };
		97592D8D1BEC6EBF00082D0A /* Info.plist */ = {isa = PBXFileReference; lastKnownFileType = text.plist.xml; path = Info.plist; sourceTree = "<group>"; };
/* End PBXFileReference section */

/* Begin PBXFrameworksBuildPhase section */
		97592D621BEC6EBF00082D0A /* Frameworks */ = {
			isa = PBXFrameworksBuildPhase;
			buildActionMask = 2147483647;
			files = (
			);
			runOnlyForDeploymentPostprocessing = 0;
		};
		97592D791BEC6EBF00082D0A /* Frameworks */ = {
			isa = PBXFrameworksBuildPhase;
			buildActionMask = 2147483647;
			files = (
			);
			runOnlyForDeploymentPostprocessing = 0;
		};
		97592D841BEC6EBF00082D0A /* Frameworks */ = {
			isa = PBXFrameworksBuildPhase;
			buildActionMask = 2147483647;
			files = (
			);
			runOnlyForDeploymentPostprocessing = 0;
		};
/* End PBXFrameworksBuildPhase section */

/* Begin PBXGroup section */
		97592D5C1BEC6EBF00082D0A = {
			isa = PBXGroup;
			children = (
				97592D671BEC6EBF00082D0A /* BasicBitch */,
				97592D7F1BEC6EBF00082D0A /* BasicBitchTests */,
				97592D8A1BEC6EBF00082D0A /* BasicBitchUITests */,
				97592D661BEC6EBF00082D0A /* Products */,
			);
			sourceTree = "<group>";
		};
		97592D661BEC6EBF00082D0A /* Products */ = {
			isa = PBXGroup;
			children = (
				97592D651BEC6EBF00082D0A /* BasicBitch.app */,
				97592D7C1BEC6EBF00082D0A /* BasicBitchTests.xctest */,
				97592D871BEC6EBF00082D0A /* BasicBitchUITests.xctest */,
			);
			name = Products;
			sourceTree = "<group>";
		};
		97592D671BEC6EBF00082D0A /* BasicBitch */ = {
			isa = PBXGroup;
			children = (
				97592D681BEC6EBF00082D0A /* AppDelegate.swift */,
				97592D6A1BEC6EBF00082D0A /* ViewController.swift */,
				97592D6C1BEC6EBF00082D0A /* Main.storyboard */,
				97592D721BEC6EBF00082D0A /* Assets.xcassets */,
				97592D741BEC6EBF00082D0A /* LaunchScreen.storyboard */,
				97592D771BEC6EBF00082D0A /* Info.plist */,
				97592D6F1BEC6EBF00082D0A /* BasicBitch.xcdatamodeld */,
			);
			path = BasicBitch;
			sourceTree = "<group>";
		};
		97592D7F1BEC6EBF00082D0A /* BasicBitchTests */ = {
			isa = PBXGroup;
			children = (
				97592D801BEC6EBF00082D0A /* BasicBitchTests.swift */,
				97592D821BEC6EBF00082D0A /* Info.plist */,
			);
			path = BasicBitchTests;
			sourceTree = "<group>";
		};
		97592D8A1BEC6EBF00082D0A /* BasicBitchUITests */ = {
			isa = PBXGroup;
			children = (
				97592D8B1BEC6EBF00082D0A /* BasicBitchUITests.swift */,
				97592D8D1BEC6EBF00082D0A /* Info.plist */,
			);
			path = BasicBitchUITests;
			sourceTree = "<group>";
		};
/* End PBXGroup section */

/* Begin PBXNativeTarget section */
		97592D641BEC6EBF00082D0A /* BasicBitch */ = {
			isa = PBXNativeTarget;
			buildConfigurationList = 97592D901BEC6EBF00082D0A /* Build configuration list for PBXNativeTarget "BasicBitch" */;
			buildPhases = (
				97592D611BEC6EBF00082D0A /* Sources */,
				97592D621BEC6EBF00082D0A /* Frameworks */,
				97592D631BEC6EBF00082D0A /* Resources */,
			);
			buildRules = (
			);
			dependencies = (
			);
			name = BasicBitch;
			productName = BasicBitch;
			productReference = 97592D651BEC6EBF00082D0A /* BasicBitch.app */;
			productType = "com.apple.product-type.application";
		};
		97592D7B1BEC6EBF00082D0A /* BasicBitchTests */ = {
			isa = PBXNativeTarget;
			buildConfigurationList = 97592D931BEC6EBF00082D0A /* Build configuration list for PBXNativeTarget "BasicBitchTests" */;
			buildPhases = (
				97592D781BEC6EBF00082D0A /* Sources */,
				97592D791BEC6EBF00082D0A /* Frameworks */,
				97592D7A1BEC6EBF00082D0A /* Resources */,
			);
			buildRules = (
			);
			dependencies = (
				97592D7E1BEC6EBF00082D0A /* PBXTargetDependency */,
			);
			name = BasicBitchTests;
			productName = BasicBitchTests;
			productReference = 97592D7C1BEC6EBF00082D0A /* BasicBitchTests.xctest */;
			productType = "com.apple.product-type.bundle.unit-test";
		};
		97592D861BEC6EBF00082D0A /* BasicBitchUITests */ = {
			isa = PBXNativeTarget;
			buildConfigurationList = 97592D961BEC6EBF00082D0A /* Build configuration list for PBXNativeTarget "BasicBitchUITests" */;
			buildPhases = (
				97592D831BEC6EBF00082D0A /* Sources */,
				97592D841BEC6EBF00082D0A /* Frameworks */,
				97592D851BEC6EBF00082D0A /* Resources */,
			);
			buildRules = (
			);
			dependencies = (
				97592D891BEC6EBF00082D0A /* PBXTargetDependency */,
			);
			name = BasicBitchUITests;
			productName = BasicBitchUITests;
			productReference = 97592D871BEC6EBF00082D0A /* BasicBitchUITests.xctest */;
			productType = "com.apple.product-type.bundle.ui-testing";
		};
/* End PBXNativeTarget section */

/* Begin PBXProject section */
		97592D5D1BEC6EBF00082D0A /* Project object */ = {
			isa = PBXProject;
			attributes = {
				LastUpgradeCheck = 0700;
				ORGANIZATIONNAME = "Qadir Haqq";
				TargetAttributes = {
					97592D641BEC6EBF00082D0A = {
						CreatedOnToolsVersion = 7.0.1;
					};
					97592D7B1BEC6EBF00082D0A = {
						CreatedOnToolsVersion = 7.0.1;
						TestTargetID = 97592D641BEC6EBF00082D0A;
					};
					97592D861BEC6EBF00082D0A = {
						CreatedOnToolsVersion = 7.0.1;
						TestTargetID = 97592D641BEC6EBF00082D0A;
					};
				};
			};
			buildConfigurationList = 97592D601BEC6EBF00082D0A /* Build configuration list for PBXProject "BasicBitch" */;
			compatibilityVersion = "Xcode 3.2";
			developmentRegion = English;
			hasScannedForEncodings = 0;
			knownRegions = (
				en,
				Base,
			);
			mainGroup = 97592D5C1BEC6EBF00082D0A;
			productRefGroup = 97592D661BEC6EBF00082D0A /* Products */;
			projectDirPath = "";
			projectRoot = "";
			targets = (
				97592D641BEC6EBF00082D0A /* BasicBitch */,
				97592D7B1BEC6EBF00082D0A /* BasicBitchTests */,
				97592D861BEC6EBF00082D0A /* BasicBitchUITests */,
			);
		};
/* End PBXProject section */

/* Begin PBXResourcesBuildPhase section */
		97592D631BEC6EBF00082D0A /* Resources */ = {
			isa = PBXResourcesBuildPhase;
			buildActionMask = 2147483647;
			files = (
				97592D761BEC6EBF00082D0A /* LaunchScreen.storyboard in Resources */,
				97592D731BEC6EBF00082D0A /* Assets.xcassets in Resources */,
				97592D6E1BEC6EBF00082D0A /* Main.storyboard in Resources */,
			);
			runOnlyForDeploymentPostprocessing = 0;
		};
		97592D7A1BEC6EBF00082D0A /* Resources */ = {
			isa = PBXResourcesBuildPhase;
			buildActionMask = 2147483647;
			files = (
			);
			runOnlyForDeploymentPostprocessing = 0;
		};
		97592D851BEC6EBF00082D0A /* Resources */ = {
			isa = PBXResourcesBuildPhase;
			buildActionMask = 2147483647;
			files = (
			);
			runOnlyForDeploymentPostprocessing = 0;
		};
/* End PBXResourcesBuildPhase section */

/* Begin PBXSourcesBuildPhase section */
		97592D611BEC6EBF00082D0A /* Sources */ = {
			isa = PBXSourcesBuildPhase;
			buildActionMask = 2147483647;
			files = (
				97592D6B1BEC6EBF00082D0A /* ViewController.swift in Sources */,
				97592D691BEC6EBF00082D0A /* AppDelegate.swift in Sources */,
				97592D711BEC6EBF00082D0A /* BasicBitch.xcdatamodeld in Sources */,
			);
			runOnlyForDeploymentPostprocessing = 0;
		};
		97592D781BEC6EBF00082D0A /* Sources */ = {
			isa = PBXSourcesBuildPhase;
			buildActionMask = 2147483647;
			files = (
				97592D811BEC6EBF00082D0A /* BasicBitchTests.swift in Sources */,
			);
			runOnlyForDeploymentPostprocessing = 0;
		};
		97592D831BEC6EBF00082D0A /* Sources */ = {
			isa = PBXSourcesBuildPhase;
			buildActionMask = 2147483647;
			files = (
				97592D8C1BEC6EBF00082D0A /* BasicBitchUITests.swift in Sources */,
			);
			runOnlyForDeploymentPostprocessing = 0;
		};
/* End PBXSourcesBuildPhase section */

/* Begin PBXTargetDependency section */
		97592D7E1BEC6EBF00082D0A /* PBXTargetDependency */ = {
			isa = PBXTargetDependency;
			target = 97592D641BEC6EBF00082D0A /* BasicBitch */;
			targetProxy = 97592D7D1BEC6EBF00082D0A /* PBXContainerItemProxy */;
		};
		97592D891BEC6EBF00082D0A /* PBXTargetDependency */ = {
			isa = PBXTargetDependency;
			target = 97592D641BEC6EBF00082D0A /* BasicBitch */;
			targetProxy = 97592D881BEC6EBF00082D0A /* PBXContainerItemProxy */;
		};
/* End PBXTargetDependency section */

/* Begin PBXVariantGroup section */
		97592D6C1BEC6EBF00082D0A /* Main.storyboard */ = {
			isa = PBXVariantGroup;
			children = (
				97592D6D1BEC6EBF00082D0A /* Base */,
			);
			name = Main.storyboard;
			sourceTree = "<group>";
		};
		97592D741BEC6EBF00082D0A /* LaunchScreen.storyboard */ = {
			isa = PBXVariantGroup;
			children = (
				97592D751BEC6EBF00082D0A /* Base */,
			);
			name = LaunchScreen.storyboard;
			sourceTree = "<group>";
		};
/* End PBXVariantGroup section */

/* Begin XCBuildConfiguration section */
		97592D8E1BEC6EBF00082D0A /* Debug */ = {
			isa = XCBuildConfiguration;
			buildSettings = {
				ALWAYS_SEARCH_USER_PATHS = NO;
				CLANG_CXX_LANGUAGE_STANDARD = "gnu++0x";
				CLANG_CXX_LIBRARY = "libc++";
				CLANG_ENABLE_MODULES = YES;
				CLANG_ENABLE_OBJC_ARC = YES;
				CLANG_WARN_BOOL_CONVERSION = YES;
				CLANG_WARN_CONSTANT_CONVERSION = YES;
				CLANG_WARN_DIRECT_OBJC_ISA_USAGE = YES_ERROR;
				CLANG_WARN_EMPTY_BODY = YES;
				CLANG_WARN_ENUM_CONVERSION = YES;
				CLANG_WARN_INT_CONVERSION = YES;
				CLANG_WARN_OBJC_ROOT_CLASS = YES_ERROR;
				CLANG_WARN_UNREACHABLE_CODE = YES;
				CLANG_WARN__DUPLICATE_METHOD_MATCH = YES;
				"CODE_SIGN_IDENTITY[sdk=iphoneos*]" = "iPhone Developer";
				COPY_PHASE_STRIP = NO;
				DEBUG_INFORMATION_FORMAT = dwarf;
				ENABLE_STRICT_OBJC_MSGSEND = YES;
				ENABLE_TESTABILITY = YES;
				GCC_C_LANGUAGE_STANDARD = gnu99;
				GCC_DYNAMIC_NO_PIC = NO;
				GCC_NO_COMMON_BLOCKS = YES;
				GCC_OPTIMIZATION_LEVEL = 0;
				GCC_PREPROCESSOR_DEFINITIONS = (
					"DEBUG=1",
					"$(inherited)",
				);
				GCC_WARN_64_TO_32_BIT_CONVERSION = YES;
				GCC_WARN_ABOUT_RETURN_TYPE = YES_ERROR;
				GCC_WARN_UNDECLARED_SELECTOR = YES;
				GCC_WARN_UNINITIALIZED_AUTOS = YES_AGGRESSIVE;
				GCC_WARN_UNUSED_FUNCTION = YES;
				GCC_WARN_UNUSED_VARIABLE = YES;
				IPHONEOS_DEPLOYMENT_TARGET = 9.0;
				MTL_ENABLE_DEBUG_INFO = YES;
				ONLY_ACTIVE_ARCH = YES;
				SDKROOT = iphoneos;
				SWIFT_OPTIMIZATION_LEVEL = "-Onone";
				TARGETED_DEVICE_FAMILY = "1,2";
			};
			name = Debug;
		};
		97592D8F1BEC6EBF00082D0A /* Release */ = {
			isa = XCBuildConfiguration;
			buildSettings = {
				ALWAYS_SEARCH_USER_PATHS = NO;
				CLANG_CXX_LANGUAGE_STANDARD = "gnu++0x";
				CLANG_CXX_LIBRARY = "libc++";
				CLANG_ENABLE_MODULES = YES;
				CLANG_ENABLE_OBJC_ARC = YES;
				CLANG_WARN_BOOL_CONVERSION = YES;
				CLANG_WARN_CONSTANT_CONVERSION = YES;
				CLANG_WARN_DIRECT_OBJC_ISA_USAGE = YES_ERROR;
				CLANG_WARN_EMPTY_BODY = YES;
				CLANG_WARN_ENUM_CONVERSION = YES;
				CLANG_WARN_INT_CONVERSION = YES;
				CLANG_WARN_OBJC_ROOT_CLASS = YES_ERROR;
				CLANG_WARN_UNREACHABLE_CODE = YES;
				CLANG_WARN__DUPLICATE_METHOD_MATCH = YES;
				"CODE_SIGN_IDENTITY[sdk=iphoneos*]" = "iPhone Developer";
				COPY_PHASE_STRIP = NO;
				DEBUG_INFORMATION_FORMAT = "dwarf-with-dsym";
				ENABLE_NS_ASSERTIONS = NO;
				ENABLE_STRICT_OBJC_MSGSEND = YES;
				GCC_C_LANGUAGE_STANDARD = gnu99;
				GCC_NO_COMMON_BLOCKS = YES;
				GCC_WARN_64_TO_32_BIT_CONVERSION = YES;
				GCC_WARN_ABOUT_RETURN_TYPE = YES_ERROR;
				GCC_WARN_UNDECLARED_SELECTOR = YES;
				GCC_WARN_UNINITIALIZED_AUTOS = YES_AGGRESSIVE;
				GCC_WARN_UNUSED_FUNCTION = YES;
				GCC_WARN_UNUSED_VARIABLE = YES;
				IPHONEOS_DEPLOYMENT_TARGET = 9.0;
				MTL_ENABLE_DEBUG_INFO = NO;
				SDKROOT = iphoneos;
				TARGETED_DEVICE_FAMILY = "1,2";
				VALIDATE_PRODUCT = YES;
			};
			name = Release;
		};
		97592D911BEC6EBF00082D0A /* Debug */ = {
			isa = XCBuildConfiguration;
			buildSettings = {
				ASSETCATALOG_COMPILER_APPICON_NAME = AppIcon;
				INFOPLIST_FILE = BasicBitch/Info.plist;
				LD_RUNPATH_SEARCH_PATHS = "$(inherited) @executable_path/Frameworks";
				PRODUCT_BUNDLE_IDENTIFIER = "--Blind-Mice.BasicBitch";
				PRODUCT_NAME = "$(TARGET_NAME)";
			};
			name = Debug;
		};
		97592D921BEC6EBF00082D0A /* Release */ = {
			isa = XCBuildConfiguration;
			buildSettings = {
				ASSETCATALOG_COMPILER_APPICON_NAME = AppIcon;
				INFOPLIST_FILE = BasicBitch/Info.plist;
				LD_RUNPATH_SEARCH_PATHS = "$(inherited) @executable_path/Frameworks";
				PRODUCT_BUNDLE_IDENTIFIER = "--Blind-Mice.BasicBitch";
				PRODUCT_NAME = "$(TARGET_NAME)";
			};
			name = Release;
		};
		97592D941BEC6EBF00082D0A /* Debug */ = {
			isa = XCBuildConfiguration;
			buildSettings = {
				BUNDLE_LOADER = "$(TEST_HOST)";
				INFOPLIST_FILE = BasicBitchTests/Info.plist;
				LD_RUNPATH_SEARCH_PATHS = "$(inherited) @executable_path/Frameworks @loader_path/Frameworks";
				PRODUCT_BUNDLE_IDENTIFIER = "--Blind-Mice.BasicBitchTests";
				PRODUCT_NAME = "$(TARGET_NAME)";
				TEST_HOST = "$(BUILT_PRODUCTS_DIR)/BasicBitch.app/BasicBitch";
			};
			name = Debug;
		};
		97592D951BEC6EBF00082D0A /* Release */ = {
			isa = XCBuildConfiguration;
			buildSettings = {
				BUNDLE_LOADER = "$(TEST_HOST)";
				INFOPLIST_FILE = BasicBitchTests/Info.plist;
				LD_RUNPATH_SEARCH_PATHS = "$(inherited) @executable_path/Frameworks @loader_path/Frameworks";
				PRODUCT_BUNDLE_IDENTIFIER = "--Blind-Mice.BasicBitchTests";
				PRODUCT_NAME = "$(TARGET_NAME)";
				TEST_HOST = "$(BUILT_PRODUCTS_DIR)/BasicBitch.app/BasicBitch";
			};
			name = Release;
		};
		97592D971BEC6EBF00082D0A /* Debug */ = {
			isa = XCBuildConfiguration;
			buildSettings = {
				INFOPLIST_FILE = BasicBitchUITests/Info.plist;
				LD_RUNPATH_SEARCH_PATHS = "$(inherited) @executable_path/Frameworks @loader_path/Frameworks";
				PRODUCT_BUNDLE_IDENTIFIER = "--Blind-Mice.BasicBitchUITests";
				PRODUCT_NAME = "$(TARGET_NAME)";
				TEST_TARGET_NAME = BasicBitch;
				USES_XCTRUNNER = YES;
			};
			name = Debug;
		};
		97592D981BEC6EBF00082D0A /* Release */ = {
			isa = XCBuildConfiguration;
			buildSettings = {
				INFOPLIST_FILE = BasicBitchUITests/Info.plist;
				LD_RUNPATH_SEARCH_PATHS = "$(inherited) @executable_path/Frameworks @loader_path/Frameworks";
				PRODUCT_BUNDLE_IDENTIFIER = "--Blind-Mice.BasicBitchUITests";
				PRODUCT_NAME = "$(TARGET_NAME)";
				TEST_TARGET_NAME = BasicBitch;
				USES_XCTRUNNER = YES;
			};
			name = Release;
		};
/* End XCBuildConfiguration section */

/* Begin XCConfigurationList section */
		97592D601BEC6EBF00082D0A /* Build configuration list for PBXProject "BasicBitch" */ = {
			isa = XCConfigurationList;
			buildConfigurations = (
				97592D8E1BEC6EBF00082D0A /* Debug */,
				97592D8F1BEC6EBF00082D0A /* Release */,
			);
			defaultConfigurationIsVisible = 0;
			defaultConfigurationName = Release;
		};
		97592D901BEC6EBF00082D0A /* Build configuration list for PBXNativeTarget "BasicBitch" */ = {
			isa = XCConfigurationList;
			buildConfigurations = (
				97592D911BEC6EBF00082D0A /* Debug */,
				97592D921BEC6EBF00082D0A /* Release */,
			);
			defaultConfigurationIsVisible = 0;
		};
		97592D931BEC6EBF00082D0A /* Build configuration list for PBXNativeTarget "BasicBitchTests" */ = {
			isa = XCConfigurationList;
			buildConfigurations = (
				97592D941BEC6EBF00082D0A /* Debug */,
				97592D951BEC6EBF00082D0A /* Release */,
			);
			defaultConfigurationIsVisible = 0;
		};
		97592D961BEC6EBF00082D0A /* Build configuration list for PBXNativeTarget "BasicBitchUITests" */ = {
			isa = XCConfigurationList;
			buildConfigurations = (
				97592D971BEC6EBF00082D0A /* Debug */,
				97592D981BEC6EBF00082D0A /* Release */,
			);
			defaultConfigurationIsVisible = 0;
		};
/* End XCConfigurationList section */

/* Begin XCVersionGroup section */
		97592D6F1BEC6EBF00082D0A /* BasicBitch.xcdatamodeld */ = {
			isa = XCVersionGroup;
			children = (
				97592D701BEC6EBF00082D0A /* BasicBitch.xcdatamodel */,
			);
			currentVersion = 97592D701BEC6EBF00082D0A /* BasicBitch.xcdatamodel */;
			path = BasicBitch.xcdatamodeld;
			sourceTree = "<group>";
			versionGroupType = wrapper.xcdatamodel;
		};
/* End XCVersionGroup section */
	};
	rootObject = 97592D5D1BEC6EBF00082D0A /* Project object */;
}
